
Microsoft Visual Studio Solution File, Format Version 12.00
# Visual Studio Version 17
VisualStudioVersion = 17.7.34221.43
MinimumVisualStudioVersion = 10.0.40219.1
Project("{FAE04EC0-301F-11D3-BF4B-00C04F79EFBC}") = "GITER", "GITER\GITER.csproj", "{133B0346-6062-48D9-9BE2-F445B70D9569}"
EndProject
Global
	GlobalSection(SolutionConfigurationPlatforms) = preSolution
		Debug|Any CPU = Debug|Any CPU
		Release|Any CPU = Release|Any CPU
	EndGlobalSection
	GlobalSection(ProjectConfigurationPlatforms) = postSolution
		{133B0346-6062-48D9-9BE2-F445B70D9569}.Debug|Any CPU.ActiveCfg = Debug|Any CPU
		{133B0346-6062-48D9-9BE2-F445B70D9569}.Debug|Any CPU.Build.0 = Debug|Any CPU
		{133B0346-6062-48D9-9BE2-F445B70D9569}.Release|Any CPU.ActiveCfg = Release|Any CPU
		{133B0346-6062-48D9-9BE2-F445B70D9569}.Release|Any CPU.Build.0 = Release|Any CPU
	EndGlobalSection
	GlobalSection(SolutionProperties) = preSolution
		HideSolutionNode = FALSE
	EndGlobalSection
	GlobalSection(ExtensibilityGlobals) = postSolution
		SolutionGuid = {C7FEDD42-3F13-45C6-B79E-152FC76814BA}
	EndGlobalSection
EndGlobal
